// !$*UTF8*$!
{
	archiveVersion = 1;
	classes = {
	};
	objectVersion = 51;
	objects = {

/* Begin PBXBuildFile section */
		84168B1A2513537900D239C5 /* test.json in Resources */ = {isa = PBXBuildFile; fileRef = 84168B192513537900D239C5 /* test.json */; };
		84A5C4FF25130B4200FD9F16 /* AppDelegate.m in Sources */ = {isa = PBXBuildFile; fileRef = 84A5C4FE25130B4200FD9F16 /* AppDelegate.m */; };
		84A5C50225130B4200FD9F16 /* SceneDelegate.m in Sources */ = {isa = PBXBuildFile; fileRef = 84A5C50125130B4200FD9F16 /* SceneDelegate.m */; };
		84A5C50525130B4200FD9F16 /* ViewController.m in Sources */ = {isa = PBXBuildFile; fileRef = 84A5C50425130B4200FD9F16 /* ViewController.m */; };
		84A5C50825130B4200FD9F16 /* Main.storyboard in Resources */ = {isa = PBXBuildFile; fileRef = 84A5C50625130B4200FD9F16 /* Main.storyboard */; };
		84A5C50A25130B4300FD9F16 /* Assets.xcassets in Resources */ = {isa = PBXBuildFile; fileRef = 84A5C50925130B4300FD9F16 /* Assets.xcassets */; };
		84A5C50D25130B4300FD9F16 /* LaunchScreen.storyboard in Resources */ = {isa = PBXBuildFile; fileRef = 84A5C50B25130B4300FD9F16 /* LaunchScreen.storyboard */; };
		84A5C51025130B4300FD9F16 /* main.m in Sources */ = {isa = PBXBuildFile; fileRef = 84A5C50F25130B4300FD9F16 /* main.m */; };
		84A5C51825130B7000FD9F16 /* Dog.m in Sources */ = {isa = PBXBuildFile; fileRef = 84A5C51725130B7000FD9F16 /* Dog.m */; };
		84A5C51E25130C9B00FD9F16 /* Dog+Wrestle.m in Sources */ = {isa = PBXBuildFile; fileRef = 84A5C51D25130C9B00FD9F16 /* Dog+Wrestle.m */; };
		84D4DAE125186CBB00636AF2 /* AFRespModel.m in Sources */ = {isa = PBXBuildFile; fileRef = 84D4DAE025186CBB00636AF2 /* AFRespModel.m */; };
		84D9374C251350500041BA7B /* YYModel.framework in Frameworks */ = {isa = PBXBuildFile; fileRef = 84D9374B251350500041BA7B /* YYModel.framework */; };
		C05D1E6BB55C4801E5F7EB9E /* Pods_JSONToModelDemo.framework in Frameworks */ = {isa = PBXBuildFile; fileRef = D2F6E6E46502A6F86F0E17A8 /* Pods_JSONToModelDemo.framework */; };
/* End PBXBuildFile section */

/* Begin PBXFileReference section */
		12ECA95AD5175620378E95B6 /* Pods-JSONToModelDemo.debug.xcconfig */ = {isa = PBXFileReference; includeInIndex = 1; lastKnownFileType = text.xcconfig; name = "Pods-JSONToModelDemo.debug.xcconfig"; path = "Target Support Files/Pods-JSONToModelDemo/Pods-JSONToModelDemo.debug.xcconfig"; sourceTree = "<group>"; };
		84168B192513537900D239C5 /* test.json */ = {isa = PBXFileReference; lastKnownFileType = text.json; path = test.json; sourceTree = "<group>"; };
		84A5C4FA25130B4200FD9F16 /* JSONToModelDemo.app */ = {isa = PBXFileReference; explicitFileType = wrapper.application; includeInIndex = 0; path = JSONToModelDemo.app; sourceTree = BUILT_PRODUCTS_DIR; };
		84A5C4FD25130B4200FD9F16 /* AppDelegate.h */ = {isa = PBXFileReference; lastKnownFileType = sourcecode.c.h; path = AppDelegate.h; sourceTree = "<group>"; };
		84A5C4FE25130B4200FD9F16 /* AppDelegate.m */ = {isa = PBXFileReference; lastKnownFileType = sourcecode.c.objc; path = AppDelegate.m; sourceTree = "<group>"; };
		84A5C50025130B4200FD9F16 /* SceneDelegate.h */ = {isa = PBXFileReference; lastKnownFileType = sourcecode.c.h; path = SceneDelegate.h; sourceTree = "<group>"; };
		84A5C50125130B4200FD9F16 /* SceneDelegate.m */ = {isa = PBXFileReference; lastKnownFileType = sourcecode.c.objc; path = SceneDelegate.m; sourceTree = "<group>"; };
		84A5C50325130B4200FD9F16 /* ViewController.h */ = {isa = PBXFileReference; lastKnownFileType = sourcecode.c.h; path = ViewController.h; sourceTree = "<group>"; };
		84A5C50425130B4200FD9F16 /* ViewController.m */ = {isa = PBXFileReference; lastKnownFileType = sourcecode.c.objc; path = ViewController.m; sourceTree = "<group>"; };
		84A5C50725130B4200FD9F16 /* Base */ = {isa = PBXFileReference; lastKnownFileType = file.storyboard; name = Base; path = Base.lproj/Main.storyboard; sourceTree = "<group>"; };
		84A5C50925130B4300FD9F16 /* Assets.xcassets */ = {isa = PBXFileReference; lastKnownFileType = folder.assetcatalog; path = Assets.xcassets; sourceTree = "<group>"; };
		84A5C50C25130B4300FD9F16 /* Base */ = {isa = PBXFileReference; lastKnownFileType = file.storyboard; name = Base; path = Base.lproj/LaunchScreen.storyboard; sourceTree = "<group>"; };
		84A5C50E25130B4300FD9F16 /* Info.plist */ = {isa = PBXFileReference; lastKnownFileType = text.plist.xml; path = Info.plist; sourceTree = "<group>"; };
		84A5C50F25130B4300FD9F16 /* main.m */ = {isa = PBXFileReference; lastKnownFileType = sourcecode.c.objc; path = main.m; sourceTree = "<group>"; };
		84A5C51625130B7000FD9F16 /* Dog.h */ = {isa = PBXFileReference; lastKnownFileType = sourcecode.c.h; path = Dog.h; sourceTree = "<group>"; };
		84A5C51725130B7000FD9F16 /* Dog.m */ = {isa = PBXFileReference; lastKnownFileType = sourcecode.c.objc; path = Dog.m; sourceTree = "<group>"; };
		84A5C51C25130C9B00FD9F16 /* Dog+Wrestle.h */ = {isa = PBXFileReference; lastKnownFileType = sourcecode.c.h; path = "Dog+Wrestle.h"; sourceTree = "<group>"; };
		84A5C51D25130C9B00FD9F16 /* Dog+Wrestle.m */ = {isa = PBXFileReference; lastKnownFileType = sourcecode.c.objc; path = "Dog+Wrestle.m"; sourceTree = "<group>"; };
		84D4DADF25186CBB00636AF2 /* AFRespModel.h */ = {isa = PBXFileReference; lastKnownFileType = sourcecode.c.h; path = AFRespModel.h; sourceTree = "<group>"; };
		84D4DAE025186CBB00636AF2 /* AFRespModel.m */ = {isa = PBXFileReference; lastKnownFileType = sourcecode.c.objc; path = AFRespModel.m; sourceTree = "<group>"; };
		84D9374B251350500041BA7B /* YYModel.framework */ = {isa = PBXFileReference; explicitFileType = wrapper.framework; path = YYModel.framework; sourceTree = BUILT_PRODUCTS_DIR; };
		D2F6E6E46502A6F86F0E17A8 /* Pods_JSONToModelDemo.framework */ = {isa = PBXFileReference; explicitFileType = wrapper.framework; includeInIndex = 0; path = Pods_JSONToModelDemo.framework; sourceTree = BUILT_PRODUCTS_DIR; };
		F1269E60EAFD38CDF3770F3F /* Pods-JSONToModelDemo.release.xcconfig */ = {isa = PBXFileReference; includeInIndex = 1; lastKnownFileType = text.xcconfig; name = "Pods-JSONToModelDemo.release.xcconfig"; path = "Target Support Files/Pods-JSONToModelDemo/Pods-JSONToModelDemo.release.xcconfig"; sourceTree = "<group>"; };
/* End PBXFileReference section */

/* Begin PBXFrameworksBuildPhase section */
		84A5C4F725130B4200FD9F16 /* Frameworks */ = {
			isa = PBXFrameworksBuildPhase;
			buildActionMask = 2147483647;
			files = (
				84D9374C251350500041BA7B /* YYModel.framework in Frameworks */,
				C05D1E6BB55C4801E5F7EB9E /* Pods_JSONToModelDemo.framework in Frameworks */,
			);
			runOnlyForDeploymentPostprocessing = 0;
		};
/* End PBXFrameworksBuildPhase section */

/* Begin PBXGroup section */
		5D21D65800A6EBE2F689451A /* Frameworks */ = {
			isa = PBXGroup;
			children = (
				84D9374B251350500041BA7B /* YYModel.framework */,
				D2F6E6E46502A6F86F0E17A8 /* Pods_JSONToModelDemo.framework */,
			);
			name = Frameworks;
			sourceTree = "<group>";
		};
		84A5C4F125130B4200FD9F16 = {
			isa = PBXGroup;
			children = (
				84A5C4FC25130B4200FD9F16 /* JSONToModelDemo */,
				84A5C4FB25130B4200FD9F16 /* Products */,
				AA92F6362228BFF02A87C7D1 /* Pods */,
				5D21D65800A6EBE2F689451A /* Frameworks */,
			);
			sourceTree = "<group>";
		};
		84A5C4FB25130B4200FD9F16 /* Products */ = {
			isa = PBXGroup;
			children = (
				84A5C4FA25130B4200FD9F16 /* JSONToModelDemo.app */,
			);
			name = Products;
			sourceTree = "<group>";
		};
		84A5C4FC25130B4200FD9F16 /* JSONToModelDemo */ = {
			isa = PBXGroup;
			children = (
				84A5C4FD25130B4200FD9F16 /* AppDelegate.h */,
				84A5C4FE25130B4200FD9F16 /* AppDelegate.m */,
				84A5C50025130B4200FD9F16 /* SceneDelegate.h */,
				84A5C50125130B4200FD9F16 /* SceneDelegate.m */,
				84A5C50325130B4200FD9F16 /* ViewController.h */,
				84A5C50425130B4200FD9F16 /* ViewController.m */,
				84A5C51625130B7000FD9F16 /* Dog.h */,
				84A5C51725130B7000FD9F16 /* Dog.m */,
				84A5C51C25130C9B00FD9F16 /* Dog+Wrestle.h */,
				84A5C51D25130C9B00FD9F16 /* Dog+Wrestle.m */,
				84D4DADF25186CBB00636AF2 /* AFRespModel.h */,
				84D4DAE025186CBB00636AF2 /* AFRespModel.m */,
				84168B192513537900D239C5 /* test.json */,
				84A5C50625130B4200FD9F16 /* Main.storyboard */,
				84A5C50925130B4300FD9F16 /* Assets.xcassets */,
				84A5C50B25130B4300FD9F16 /* LaunchScreen.storyboard */,
				84A5C50E25130B4300FD9F16 /* Info.plist */,
				84A5C50F25130B4300FD9F16 /* main.m */,
			);
			path = JSONToModelDemo;
			sourceTree = "<group>";
		};
		AA92F6362228BFF02A87C7D1 /* Pods */ = {
			isa = PBXGroup;
			children = (
				12ECA95AD5175620378E95B6 /* Pods-JSONToModelDemo.debug.xcconfig */,
				F1269E60EAFD38CDF3770F3F /* Pods-JSONToModelDemo.release.xcconfig */,
			);
			path = Pods;
			sourceTree = "<group>";
		};
/* End PBXGroup section */

/* Begin PBXNativeTarget section */
		84A5C4F925130B4200FD9F16 /* JSONToModelDemo */ = {
			isa = PBXNativeTarget;
			buildConfigurationList = 84A5C51325130B4300FD9F16 /* Build configuration list for PBXNativeTarget "JSONToModelDemo" */;
			buildPhases = (
				E9D544668162898A0D2F5CAA /* [CP] Check Pods Manifest.lock */,
				84A5C4F625130B4200FD9F16 /* Sources */,
				84A5C4F725130B4200FD9F16 /* Frameworks */,
				84A5C4F825130B4200FD9F16 /* Resources */,
				117F3DB47E782579B4ACB744 /* [CP] Embed Pods Frameworks */,
			);
			buildRules = (
			);
			dependencies = (
			);
			name = JSONToModelDemo;
			productName = JSONToModelDemo;
			productReference = 84A5C4FA25130B4200FD9F16 /* JSONToModelDemo.app */;
			productType = "com.apple.product-type.application";
		};
/* End PBXNativeTarget section */

/* Begin PBXProject section */
		84A5C4F225130B4200FD9F16 /* Project object */ = {
			isa = PBXProject;
			attributes = {
				LastUpgradeCheck = 1200;
				ORGANIZATIONNAME = Clare;
				TargetAttributes = {
					84A5C4F925130B4200FD9F16 = {
						CreatedOnToolsVersion = 11.6;
					};
				};
			};
			buildConfigurationList = 84A5C4F525130B4200FD9F16 /* Build configuration list for PBXProject "JSONToModelDemo" */;
			compatibilityVersion = "Xcode 9.3";
			developmentRegion = en;
			hasScannedForEncodings = 0;
			knownRegions = (
				en,
				Base,
			);
			mainGroup = 84A5C4F125130B4200FD9F16;
			productRefGroup = 84A5C4FB25130B4200FD9F16 /* Products */;
			projectDirPath = "";
			projectRoot = "";
			targets = (
				84A5C4F925130B4200FD9F16 /* JSONToModelDemo */,
			);
		};
/* End PBXProject section */

/* Begin PBXResourcesBuildPhase section */
		84A5C4F825130B4200FD9F16 /* Resources */ = {
			isa = PBXResourcesBuildPhase;
			buildActionMask = 2147483647;
			files = (
				84A5C50D25130B4300FD9F16 /* LaunchScreen.storyboard in Resources */,
				84168B1A2513537900D239C5 /* test.json in Resources */,
				84A5C50A25130B4300FD9F16 /* Assets.xcassets in Resources */,
				84A5C50825130B4200FD9F16 /* Main.storyboard in Resources */,
			);
			runOnlyForDeploymentPostprocessing = 0;
		};
/* End PBXResourcesBuildPhase section */

/* Begin PBXShellScriptBuildPhase section */
		117F3DB47E782579B4ACB744 /* [CP] Embed Pods Frameworks */ = {
			isa = PBXShellScriptBuildPhase;
			buildActionMask = 2147483647;
			files = (
			);
			inputFileListPaths = (
				"${PODS_ROOT}/Target Support Files/Pods-JSONToModelDemo/Pods-JSONToModelDemo-frameworks-${CONFIGURATION}-input-files.xcfilelist",
			);
			name = "[CP] Embed Pods Frameworks";
			outputFileListPaths = (
				"${PODS_ROOT}/Target Support Files/Pods-JSONToModelDemo/Pods-JSONToModelDemo-frameworks-${CONFIGURATION}-output-files.xcfilelist",
			);
			runOnlyForDeploymentPostprocessing = 0;
			shellPath = /bin/sh;
			shellScript = "\"${PODS_ROOT}/Target Support Files/Pods-JSONToModelDemo/Pods-JSONToModelDemo-frameworks.sh\"\n";
			showEnvVarsInLog = 0;
		};
		E9D544668162898A0D2F5CAA /* [CP] Check Pods Manifest.lock */ = {
			isa = PBXShellScriptBuildPhase;
			buildActionMask = 2147483647;
			files = (
			);
			inputFileListPaths = (
			);
			inputPaths = (
				"${PODS_PODFILE_DIR_PATH}/Podfile.lock",
				"${PODS_ROOT}/Manifest.lock",
			);
			name = "[CP] Check Pods Manifest.lock";
			outputFileListPaths = (
			);
			outputPaths = (
				"$(DERIVED_FILE_DIR)/Pods-JSONToModelDemo-checkManifestLockResult.txt",
			);
			runOnlyForDeploymentPostprocessing = 0;
			shellPath = /bin/sh;
			shellScript = "diff \"${PODS_PODFILE_DIR_PATH}/Podfile.lock\" \"${PODS_ROOT}/Manifest.lock\" > /dev/null\nif [ $? != 0 ] ; then\n    # print error to STDERR\n    echo \"error: The sandbox is not in sync with the Podfile.lock. Run 'pod install' or update your CocoaPods installation.\" >&2\n    exit 1\nfi\n# This output is used by Xcode 'outputs' to avoid re-running this script phase.\necho \"SUCCESS\" > \"${SCRIPT_OUTPUT_FILE_0}\"\n";
			showEnvVarsInLog = 0;
		};
/* End PBXShellScriptBuildPhase section */

/* Begin PBXSourcesBuildPhase section */
		84A5C4F625130B4200FD9F16 /* Sources */ = {
			isa = PBXSourcesBuildPhase;
			buildActionMask = 2147483647;
			files = (
				84A5C50525130B4200FD9F16 /* ViewController.m in Sources */,
				84A5C4FF25130B4200FD9F16 /* AppDelegate.m in Sources */,
				84A5C51825130B7000FD9F16 /* Dog.m in Sources */,
				84D4DAE125186CBB00636AF2 /* AFRespModel.m in Sources */,
				84A5C51E25130C9B00FD9F16 /* Dog+Wrestle.m in Sources */,
				84A5C51025130B4300FD9F16 /* main.m in Sources */,
				84A5C50225130B4200FD9F16 /* SceneDelegate.m in Sources */,
			);
			runOnlyForDeploymentPostprocessing = 0;
		};
/* End PBXSourcesBuildPhase section */

/* Begin PBXVariantGroup section */
		84A5C50625130B4200FD9F16 /* Main.storyboard */ = {
			isa = PBXVariantGroup;
			children = (
				84A5C50725130B4200FD9F16 /* Base */,
			);
			name = Main.storyboard;
			sourceTree = "<group>";
		};
		84A5C50B25130B4300FD9F16 /* LaunchScreen.storyboard */ = {
			isa = PBXVariantGroup;
			children = (
				84A5C50C25130B4300FD9F16 /* Base */,
			);
			name = LaunchScreen.storyboard;
			sourceTree = "<group>";
		};
/* End PBXVariantGroup section */

/* Begin XCBuildConfiguration section */
		84A5C51125130B4300FD9F16 /* Debug */ = {
			isa = XCBuildConfiguration;
			buildSettings = {
				ALWAYS_SEARCH_USER_PATHS = NO;
				CLANG_ANALYZER_NONNULL = YES;
				CLANG_ANALYZER_NUMBER_OBJECT_CONVERSION = YES_AGGRESSIVE;
				CLANG_CXX_LANGUAGE_STANDARD = "gnu++14";
				CLANG_CXX_LIBRARY = "libc++";
				CLANG_ENABLE_MODULES = YES;
				CLANG_ENABLE_OBJC_ARC = YES;
				CLANG_ENABLE_OBJC_WEAK = YES;
				CLANG_WARN_BLOCK_CAPTURE_AUTORELEASING = YES;
				CLANG_WARN_BOOL_CONVERSION = YES;
				CLANG_WARN_COMMA = YES;
				CLANG_WARN_CONSTANT_CONVERSION = YES;
				CLANG_WARN_DEPRECATED_OBJC_IMPLEMENTATIONS = YES;
				CLANG_WARN_DIRECT_OBJC_ISA_USAGE = YES_ERROR;
				CLANG_WARN_DOCUMENTATION_COMMENTS = YES;
				CLANG_WARN_EMPTY_BODY = YES;
				CLANG_WARN_ENUM_CONVERSION = YES;
				CLANG_WARN_INFINITE_RECURSION = YES;
				CLANG_WARN_INT_CONVERSION = YES;
				CLANG_WARN_NON_LITERAL_NULL_CONVERSION = YES;
				CLANG_WARN_OBJC_IMPLICIT_RETAIN_SELF = YES;
				CLANG_WARN_OBJC_LITERAL_CONVERSION = YES;
				CLANG_WARN_OBJC_ROOT_CLASS = YES_ERROR;
				CLANG_WARN_QUOTED_INCLUDE_IN_FRAMEWORK_HEADER = YES;
				CLANG_WARN_RANGE_LOOP_ANALYSIS = YES;
				CLANG_WARN_STRICT_PROTOTYPES = YES;
				CLANG_WARN_SUSPICIOUS_MOVE = YES;
				CLANG_WARN_UNGUARDED_AVAILABILITY = YES_AGGRESSIVE;
				CLANG_WARN_UNREACHABLE_CODE = YES;
				CLANG_WARN__DUPLICATE_METHOD_MATCH = YES;
				COPY_PHASE_STRIP = NO;
				DEBUG_INFORMATION_FORMAT = dwarf;
				ENABLE_STRICT_OBJC_MSGSEND = YES;
				ENABLE_TESTABILITY = YES;
				GCC_C_LANGUAGE_STANDARD = gnu11;
				GCC_DYNAMIC_NO_PIC = NO;
				GCC_NO_COMMON_BLOCKS = YES;
				GCC_OPTIMIZATION_LEVEL = 0;
				GCC_PREPROCESSOR_DEFINITIONS = (
					"DEBUG=1",
					"$(inherited)",
				);
				GCC_WARN_64_TO_32_BIT_CONVERSION = YES;
				GCC_WARN_ABOUT_RETURN_TYPE = YES_ERROR;
				GCC_WARN_UNDECLARED_SELECTOR = YES;
				GCC_WARN_UNINITIALIZED_AUTOS = YES_AGGRESSIVE;
				GCC_WARN_UNUSED_FUNCTION = YES;
				GCC_WARN_UNUSED_VARIABLE = YES;
				IPHONEOS_DEPLOYMENT_TARGET = 14.0;
				MTL_ENABLE_DEBUG_INFO = INCLUDE_SOURCE;
				MTL_FAST_MATH = YES;
				ONLY_ACTIVE_ARCH = YES;
				SDKROOT = iphoneos;
			};
			name = Debug;
		};
		84A5C51225130B4300FD9F16 /* Release */ = {
			isa = XCBuildConfiguration;
			buildSettings = {
				ALWAYS_SEARCH_USER_PATHS = NO;
				CLANG_ANALYZER_NONNULL = YES;
				CLANG_ANALYZER_NUMBER_OBJECT_CONVERSION = YES_AGGRESSIVE;
				CLANG_CXX_LANGUAGE_STANDARD = "gnu++14";
				CLANG_CXX_LIBRARY = "libc++";
				CLANG_ENABLE_MODULES = YES;
				CLANG_ENABLE_OBJC_ARC = YES;
				CLANG_ENABLE_OBJC_WEAK = YES;
				CLANG_WARN_BLOCK_CAPTURE_AUTORELEASING = YES;
				CLANG_WARN_BOOL_CONVERSION = YES;
				CLANG_WARN_COMMA = YES;
				CLANG_WARN_CONSTANT_CONVERSION = YES;
				CLANG_WARN_DEPRECATED_OBJC_IMPLEMENTATIONS = YES;
				CLANG_WARN_DIRECT_OBJC_ISA_USAGE = YES_ERROR;
				CLANG_WARN_DOCUMENTATION_COMMENTS = YES;
				CLANG_WARN_EMPTY_BODY = YES;
				CLANG_WARN_ENUM_CONVERSION = YES;
				CLANG_WARN_INFINITE_RECURSION = YES;
				CLANG_WARN_INT_CONVERSION = YES;
				CLANG_WARN_NON_LITERAL_NULL_CONVERSION = YES;
				CLANG_WARN_OBJC_IMPLICIT_RETAIN_SELF = YES;
				CLANG_WARN_OBJC_LITERAL_CONVERSION = YES;
				CLANG_WARN_OBJC_ROOT_CLASS = YES_ERROR;
				CLANG_WARN_QUOTED_INCLUDE_IN_FRAMEWORK_HEADER = YES;
				CLANG_WARN_RANGE_LOOP_ANALYSIS = YES;
				CLANG_WARN_STRICT_PROTOTYPES = YES;
				CLANG_WARN_SUSPICIOUS_MOVE = YES;
				CLANG_WARN_UNGUARDED_AVAILABILITY = YES_AGGRESSIVE;
				CLANG_WARN_UNREACHABLE_CODE = YES;
				CLANG_WARN__DUPLICATE_METHOD_MATCH = YES;
				COPY_PHASE_STRIP = NO;
				DEBUG_INFORMATION_FORMAT = "dwarf-with-dsym";
				ENABLE_NS_ASSERTIONS = NO;
				ENABLE_STRICT_OBJC_MSGSEND = YES;
				GCC_C_LANGUAGE_STANDARD = gnu11;
				GCC_NO_COMMON_BLOCKS = YES;
				GCC_WARN_64_TO_32_BIT_CONVERSION = YES;
				GCC_WARN_ABOUT_RETURN_TYPE = YES_ERROR;
				GCC_WARN_UNDECLARED_SELECTOR = YES;
				GCC_WARN_UNINITIALIZED_AUTOS = YES_AGGRESSIVE;
				GCC_WARN_UNUSED_FUNCTION = YES;
				GCC_WARN_UNUSED_VARIABLE = YES;
				IPHONEOS_DEPLOYMENT_TARGET = 14.0;
				MTL_ENABLE_DEBUG_INFO = NO;
				MTL_FAST_MATH = YES;
				SDKROOT = iphoneos;
				VALIDATE_PRODUCT = YES;
			};
			name = Release;
		};
		84A5C51425130B4300FD9F16 /* Debug */ = {
			isa = XCBuildConfiguration;
			baseConfigurationReference = 12ECA95AD5175620378E95B6 /* Pods-JSONToModelDemo.debug.xcconfig */;
			buildSettings = {
				ASSETCATALOG_COMPILER_APPICON_NAME = AppIcon;
				CODE_SIGN_STYLE = Automatic;
				INFOPLIST_FILE = JSONToModelDemo/Info.plist;
				LD_RUNPATH_SEARCH_PATHS = (
					"$(inherited)",
					"@executable_path/Frameworks",
				);
				PRODUCT_BUNDLE_IDENTIFIER = superjie.JSONToModelDemo;
				PRODUCT_NAME = "$(TARGET_NAME)";
				TARGETED_DEVICE_FAMILY = "1,2";
			};
			name = Debug;
		};
		84A5C51525130B4300FD9F16 /* Release */ = {
			isa = XCBuildConfiguration;
			baseConfigurationReference = F1269E60EAFD38CDF3770F3F /* Pods-JSONToModelDemo.release.xcconfig */;
			buildSettings = {
				ASSETCATALOG_COMPILER_APPICON_NAME = AppIcon;
				CODE_SIGN_STYLE = Automatic;
				INFOPLIST_FILE = JSONToModelDemo/Info.plist;
				LD_RUNPATH_SEARCH_PATHS = (
					"$(inherited)",
					"@executable_path/Frameworks",
				);
				PRODUCT_BUNDLE_IDENTIFIER = superjie.JSONToModelDemo;
				PRODUCT_NAME = "$(TARGET_NAME)";
				TARGETED_DEVICE_FAMILY = "1,2";
			};
			name = Release;
		};
/* End XCBuildConfiguration section */

/* Begin XCConfigurationList section */
		84A5C4F525130B4200FD9F16 /* Build configuration list for PBXProject "JSONToModelDemo" */ = {
			isa = XCConfigurationList;
			buildConfigurations = (
				84A5C51125130B4300FD9F16 /* Debug */,
				84A5C51225130B4300FD9F16 /* Release */,
			);
			defaultConfigurationIsVisible = 0;
			defaultConfigurationName = Release;
		};
		84A5C51325130B4300FD9F16 /* Build configuration list for PBXNativeTarget "JSONToModelDemo" */ = {
			isa = XCConfigurationList;
			buildConfigurations = (
				84A5C51425130B4300FD9F16 /* Debug */,
				84A5C51525130B4300FD9F16 /* Release */,
			);
			defaultConfigurationIsVisible = 0;
			defaultConfigurationName = Release;
		};
/* End XCConfigurationList section */
	};
	rootObject = 84A5C4F225130B4200FD9F16 /* Project object */;
}
